
Microsoft Visual Studio Solution File, Format Version 12.00
# Visual Studio Version 17
VisualStudioVersion = 17.11.35327.3
MinimumVisualStudioVersion = 10.0.40219.1
Project("{FAE04EC0-301F-11D3-BF4B-00C04F79EFBC}") = "ExercicioExemplo2", "ExercicioExemplo2\ExercicioExemplo2.csproj", "{325199F6-1313-4AA5-B13D-447C73D1D339}"
EndProject
Global
	GlobalSection(SolutionConfigurationPlatforms) = preSolution
		Debug|Any CPU = Debug|Any CPU
		Release|Any CPU = Release|Any CPU
	EndGlobalSection
	GlobalSection(ProjectConfigurationPlatforms) = postSolution
		{325199F6-1313-4AA5-B13D-447C73D1D339}.Debug|Any CPU.ActiveCfg = Debug|Any CPU
		{325199F6-1313-4AA5-B13D-447C73D1D339}.Debug|Any CPU.Build.0 = Debug|Any CPU
		{325199F6-1313-4AA5-B13D-447C73D1D339}.Release|Any CPU.ActiveCfg = Release|Any CPU
		{325199F6-1313-4AA5-B13D-447C73D1D339}.Release|Any CPU.Build.0 = Release|Any CPU
	EndGlobalSection
	GlobalSection(SolutionProperties) = preSolution
		HideSolutionNode = FALSE
	EndGlobalSection
	GlobalSection(ExtensibilityGlobals) = postSolution
		SolutionGuid = {175CCD65-181E-4A9D-B6F5-097F415258E2}
	EndGlobalSection
EndGlobal
