
Microsoft Visual Studio Solution File, Format Version 12.00
# Visual Studio Version 17
VisualStudioVersion = 17.11.35327.3
MinimumVisualStudioVersion = 10.0.40219.1
Project("{FAE04EC0-301F-11D3-BF4B-00C04F79EFBC}") = "Bee1019", "Bee1019\Bee1019.csproj", "{B9CDD488-2F6E-4C5C-94C0-66710F76ACAD}"
EndProject
Global
	GlobalSection(SolutionConfigurationPlatforms) = preSolution
		Debug|Any CPU = Debug|Any CPU
		Release|Any CPU = Release|Any CPU
	EndGlobalSection
	GlobalSection(ProjectConfigurationPlatforms) = postSolution
		{B9CDD488-2F6E-4C5C-94C0-66710F76ACAD}.Debug|Any CPU.ActiveCfg = Debug|Any CPU
		{B9CDD488-2F6E-4C5C-94C0-66710F76ACAD}.Debug|Any CPU.Build.0 = Debug|Any CPU
		{B9CDD488-2F6E-4C5C-94C0-66710F76ACAD}.Release|Any CPU.ActiveCfg = Release|Any CPU
		{B9CDD488-2F6E-4C5C-94C0-66710F76ACAD}.Release|Any CPU.Build.0 = Release|Any CPU
	EndGlobalSection
	GlobalSection(SolutionProperties) = preSolution
		HideSolutionNode = FALSE
	EndGlobalSection
	GlobalSection(ExtensibilityGlobals) = postSolution
		SolutionGuid = {6DFBC5F3-B8D9-4F65-A48C-3BFE44A39924}
	EndGlobalSection
EndGlobal
