
Microsoft Visual Studio Solution File, Format Version 12.00
# Visual Studio Version 17
VisualStudioVersion = 17.11.35327.3
MinimumVisualStudioVersion = 10.0.40219.1
Project("{FAE04EC0-301F-11D3-BF4B-00C04F79EFBC}") = "Bee1006", "Bee1006\Bee1006.csproj", "{B27F2005-FB14-41DB-8179-E31A784EB76B}"
EndProject
Global
	GlobalSection(SolutionConfigurationPlatforms) = preSolution
		Debug|Any CPU = Debug|Any CPU
		Release|Any CPU = Release|Any CPU
	EndGlobalSection
	GlobalSection(ProjectConfigurationPlatforms) = postSolution
		{B27F2005-FB14-41DB-8179-E31A784EB76B}.Debug|Any CPU.ActiveCfg = Debug|Any CPU
		{B27F2005-FB14-41DB-8179-E31A784EB76B}.Debug|Any CPU.Build.0 = Debug|Any CPU
		{B27F2005-FB14-41DB-8179-E31A784EB76B}.Release|Any CPU.ActiveCfg = Release|Any CPU
		{B27F2005-FB14-41DB-8179-E31A784EB76B}.Release|Any CPU.Build.0 = Release|Any CPU
	EndGlobalSection
	GlobalSection(SolutionProperties) = preSolution
		HideSolutionNode = FALSE
	EndGlobalSection
	GlobalSection(ExtensibilityGlobals) = postSolution
		SolutionGuid = {2333FF1D-CCE7-4CC0-8F64-C5804550A5BE}
	EndGlobalSection
EndGlobal
