
Microsoft Visual Studio Solution File, Format Version 12.00
# Visual Studio Version 17
VisualStudioVersion = 17.11.35327.3
MinimumVisualStudioVersion = 10.0.40219.1
Project("{FAE04EC0-301F-11D3-BF4B-00C04F79EFBC}") = "Bee1060", "Bee1060\Bee1060.csproj", "{4AE6798C-9C0D-464C-A233-162A9AE87ACF}"
EndProject
Global
	GlobalSection(SolutionConfigurationPlatforms) = preSolution
		Debug|Any CPU = Debug|Any CPU
		Release|Any CPU = Release|Any CPU
	EndGlobalSection
	GlobalSection(ProjectConfigurationPlatforms) = postSolution
		{4AE6798C-9C0D-464C-A233-162A9AE87ACF}.Debug|Any CPU.ActiveCfg = Debug|Any CPU
		{4AE6798C-9C0D-464C-A233-162A9AE87ACF}.Debug|Any CPU.Build.0 = Debug|Any CPU
		{4AE6798C-9C0D-464C-A233-162A9AE87ACF}.Release|Any CPU.ActiveCfg = Release|Any CPU
		{4AE6798C-9C0D-464C-A233-162A9AE87ACF}.Release|Any CPU.Build.0 = Release|Any CPU
	EndGlobalSection
	GlobalSection(SolutionProperties) = preSolution
		HideSolutionNode = FALSE
	EndGlobalSection
	GlobalSection(ExtensibilityGlobals) = postSolution
		SolutionGuid = {56E08287-7B4F-4ADB-854F-0C76276A72A6}
	EndGlobalSection
EndGlobal
