
Microsoft Visual Studio Solution File, Format Version 12.00
# Visual Studio Version 17
VisualStudioVersion = 17.11.35327.3
MinimumVisualStudioVersion = 10.0.40219.1
Project("{FAE04EC0-301F-11D3-BF4B-00C04F79EFBC}") = "Bee1035", "Bee1035\Bee1035.csproj", "{0D3BCB7E-3CA3-413B-9FFE-2886840A8D64}"
EndProject
Global
	GlobalSection(SolutionConfigurationPlatforms) = preSolution
		Debug|Any CPU = Debug|Any CPU
		Release|Any CPU = Release|Any CPU
	EndGlobalSection
	GlobalSection(ProjectConfigurationPlatforms) = postSolution
		{0D3BCB7E-3CA3-413B-9FFE-2886840A8D64}.Debug|Any CPU.ActiveCfg = Debug|Any CPU
		{0D3BCB7E-3CA3-413B-9FFE-2886840A8D64}.Debug|Any CPU.Build.0 = Debug|Any CPU
		{0D3BCB7E-3CA3-413B-9FFE-2886840A8D64}.Release|Any CPU.ActiveCfg = Release|Any CPU
		{0D3BCB7E-3CA3-413B-9FFE-2886840A8D64}.Release|Any CPU.Build.0 = Release|Any CPU
	EndGlobalSection
	GlobalSection(SolutionProperties) = preSolution
		HideSolutionNode = FALSE
	EndGlobalSection
	GlobalSection(ExtensibilityGlobals) = postSolution
		SolutionGuid = {552AA5C6-4F4A-45A2-82D3-EB0C2729EED3}
	EndGlobalSection
EndGlobal
