
Microsoft Visual Studio Solution File, Format Version 12.00
# Visual Studio Version 17
VisualStudioVersion = 17.11.35327.3
MinimumVisualStudioVersion = 10.0.40219.1
Project("{FAE04EC0-301F-11D3-BF4B-00C04F79EFBC}") = "Bee1115", "Bee1115\Bee1115.csproj", "{ADADFF15-0EEB-4F64-9FDD-8E1E052A5924}"
EndProject
Global
	GlobalSection(SolutionConfigurationPlatforms) = preSolution
		Debug|Any CPU = Debug|Any CPU
		Release|Any CPU = Release|Any CPU
	EndGlobalSection
	GlobalSection(ProjectConfigurationPlatforms) = postSolution
		{ADADFF15-0EEB-4F64-9FDD-8E1E052A5924}.Debug|Any CPU.ActiveCfg = Debug|Any CPU
		{ADADFF15-0EEB-4F64-9FDD-8E1E052A5924}.Debug|Any CPU.Build.0 = Debug|Any CPU
		{ADADFF15-0EEB-4F64-9FDD-8E1E052A5924}.Release|Any CPU.ActiveCfg = Release|Any CPU
		{ADADFF15-0EEB-4F64-9FDD-8E1E052A5924}.Release|Any CPU.Build.0 = Release|Any CPU
	EndGlobalSection
	GlobalSection(SolutionProperties) = preSolution
		HideSolutionNode = FALSE
	EndGlobalSection
	GlobalSection(ExtensibilityGlobals) = postSolution
		SolutionGuid = {14E727D6-28DA-4479-B5D8-083B92F8F525}
	EndGlobalSection
EndGlobal
