
Microsoft Visual Studio Solution File, Format Version 12.00
# Visual Studio Version 17
VisualStudioVersion = 17.11.35327.3
MinimumVisualStudioVersion = 10.0.40219.1
Project("{FAE04EC0-301F-11D3-BF4B-00C04F79EFBC}") = "Bee1051", "Bee1051\Bee1051.csproj", "{695D905C-D001-49A1-9F56-CDA23E30EFCC}"
EndProject
Global
	GlobalSection(SolutionConfigurationPlatforms) = preSolution
		Debug|Any CPU = Debug|Any CPU
		Release|Any CPU = Release|Any CPU
	EndGlobalSection
	GlobalSection(ProjectConfigurationPlatforms) = postSolution
		{695D905C-D001-49A1-9F56-CDA23E30EFCC}.Debug|Any CPU.ActiveCfg = Debug|Any CPU
		{695D905C-D001-49A1-9F56-CDA23E30EFCC}.Debug|Any CPU.Build.0 = Debug|Any CPU
		{695D905C-D001-49A1-9F56-CDA23E30EFCC}.Release|Any CPU.ActiveCfg = Release|Any CPU
		{695D905C-D001-49A1-9F56-CDA23E30EFCC}.Release|Any CPU.Build.0 = Release|Any CPU
	EndGlobalSection
	GlobalSection(SolutionProperties) = preSolution
		HideSolutionNode = FALSE
	EndGlobalSection
	GlobalSection(ExtensibilityGlobals) = postSolution
		SolutionGuid = {03F0CB50-BE47-45BC-891A-B6B51C60A10E}
	EndGlobalSection
EndGlobal
