
Microsoft Visual Studio Solution File, Format Version 12.00
# Visual Studio Version 17
VisualStudioVersion = 17.11.35327.3
MinimumVisualStudioVersion = 10.0.40219.1
Project("{FAE04EC0-301F-11D3-BF4B-00C04F79EFBC}") = "Bee1010", "Bee1010\Bee1010.csproj", "{0E419F65-3920-4B68-99DF-29D41BAE07EF}"
EndProject
Global
	GlobalSection(SolutionConfigurationPlatforms) = preSolution
		Debug|Any CPU = Debug|Any CPU
		Release|Any CPU = Release|Any CPU
	EndGlobalSection
	GlobalSection(ProjectConfigurationPlatforms) = postSolution
		{0E419F65-3920-4B68-99DF-29D41BAE07EF}.Debug|Any CPU.ActiveCfg = Debug|Any CPU
		{0E419F65-3920-4B68-99DF-29D41BAE07EF}.Debug|Any CPU.Build.0 = Debug|Any CPU
		{0E419F65-3920-4B68-99DF-29D41BAE07EF}.Release|Any CPU.ActiveCfg = Release|Any CPU
		{0E419F65-3920-4B68-99DF-29D41BAE07EF}.Release|Any CPU.Build.0 = Release|Any CPU
	EndGlobalSection
	GlobalSection(SolutionProperties) = preSolution
		HideSolutionNode = FALSE
	EndGlobalSection
	GlobalSection(ExtensibilityGlobals) = postSolution
		SolutionGuid = {158F7C6E-DFE1-45E7-A3A3-14C9A450B853}
	EndGlobalSection
EndGlobal
