
Microsoft Visual Studio Solution File, Format Version 12.00
# Visual Studio Version 17
VisualStudioVersion = 17.11.35327.3
MinimumVisualStudioVersion = 10.0.40219.1
Project("{FAE04EC0-301F-11D3-BF4B-00C04F79EFBC}") = "Bee1003", "Bee1003\Bee1003.csproj", "{FF7BEF52-8F20-4723-B092-0A8FF9CD4D1C}"
EndProject
Global
	GlobalSection(SolutionConfigurationPlatforms) = preSolution
		Debug|Any CPU = Debug|Any CPU
		Release|Any CPU = Release|Any CPU
	EndGlobalSection
	GlobalSection(ProjectConfigurationPlatforms) = postSolution
		{FF7BEF52-8F20-4723-B092-0A8FF9CD4D1C}.Debug|Any CPU.ActiveCfg = Debug|Any CPU
		{FF7BEF52-8F20-4723-B092-0A8FF9CD4D1C}.Debug|Any CPU.Build.0 = Debug|Any CPU
		{FF7BEF52-8F20-4723-B092-0A8FF9CD4D1C}.Release|Any CPU.ActiveCfg = Release|Any CPU
		{FF7BEF52-8F20-4723-B092-0A8FF9CD4D1C}.Release|Any CPU.Build.0 = Release|Any CPU
	EndGlobalSection
	GlobalSection(SolutionProperties) = preSolution
		HideSolutionNode = FALSE
	EndGlobalSection
	GlobalSection(ExtensibilityGlobals) = postSolution
		SolutionGuid = {5AA4835C-A289-4F04-9364-4F6215431762}
	EndGlobalSection
EndGlobal
