
Microsoft Visual Studio Solution File, Format Version 12.00
# Visual Studio Version 17
VisualStudioVersion = 17.5.002.0
MinimumVisualStudioVersion = 10.0.40219.1
Project("{9A19103F-16F7-4668-BE54-9A1E7A4F7556}") = "4.Entrada de Dados Parte 2", "4.Entrada de Dados Parte 2.csproj", "{254BB792-8A24-4976-94B5-A34947B30E20}"
EndProject
Global
	GlobalSection(SolutionConfigurationPlatforms) = preSolution
		Debug|Any CPU = Debug|Any CPU
		Release|Any CPU = Release|Any CPU
	EndGlobalSection
	GlobalSection(ProjectConfigurationPlatforms) = postSolution
		{254BB792-8A24-4976-94B5-A34947B30E20}.Debug|Any CPU.ActiveCfg = Debug|Any CPU
		{254BB792-8A24-4976-94B5-A34947B30E20}.Debug|Any CPU.Build.0 = Debug|Any CPU
		{254BB792-8A24-4976-94B5-A34947B30E20}.Release|Any CPU.ActiveCfg = Release|Any CPU
		{254BB792-8A24-4976-94B5-A34947B30E20}.Release|Any CPU.Build.0 = Release|Any CPU
	EndGlobalSection
	GlobalSection(SolutionProperties) = preSolution
		HideSolutionNode = FALSE
	EndGlobalSection
	GlobalSection(ExtensibilityGlobals) = postSolution
		SolutionGuid = {3691621B-27AC-4294-861B-4EFDD37019A0}
	EndGlobalSection
EndGlobal
