
Microsoft Visual Studio Solution File, Format Version 12.00
# Visual Studio Version 17
VisualStudioVersion = 17.11.35327.3
MinimumVisualStudioVersion = 10.0.40219.1
Project("{FAE04EC0-301F-11D3-BF4B-00C04F79EFBC}") = "Bee1052", "Bee1052\Bee1052.csproj", "{46631D2F-3375-47FB-86FD-4A3B89104DF3}"
EndProject
Global
	GlobalSection(SolutionConfigurationPlatforms) = preSolution
		Debug|Any CPU = Debug|Any CPU
		Release|Any CPU = Release|Any CPU
	EndGlobalSection
	GlobalSection(ProjectConfigurationPlatforms) = postSolution
		{46631D2F-3375-47FB-86FD-4A3B89104DF3}.Debug|Any CPU.ActiveCfg = Debug|Any CPU
		{46631D2F-3375-47FB-86FD-4A3B89104DF3}.Debug|Any CPU.Build.0 = Debug|Any CPU
		{46631D2F-3375-47FB-86FD-4A3B89104DF3}.Release|Any CPU.ActiveCfg = Release|Any CPU
		{46631D2F-3375-47FB-86FD-4A3B89104DF3}.Release|Any CPU.Build.0 = Release|Any CPU
	EndGlobalSection
	GlobalSection(SolutionProperties) = preSolution
		HideSolutionNode = FALSE
	EndGlobalSection
	GlobalSection(ExtensibilityGlobals) = postSolution
		SolutionGuid = {990930A2-9341-43DE-ACC1-94080FAB7B86}
	EndGlobalSection
EndGlobal
